{
  "name": "mind-ar-poc",
  "version": "0.0.0",
  "lockfileVersion": 1,
  "requires": true,
  "dependencies": {
    "@mediapipe/face_mesh": {
      "version": "0.4.1633559619",
      "resolved": "https://registry.npmjs.org/@mediapipe/face_mesh/-/face_mesh-0.4.1633559619.tgz",
      "integrity": "sha512-Vc8cdjxS5+O2gnjWH9KncYpUCVXT0h714KlWAsyqJvJbIgUJBqpppbIx8yWcAzBDxm/5cYSuBI5p5ySIPxzcEg=="
    },
    "@msgpack/msgpack": {
      "version": "1.12.2",
      "resolved": "https://registry.npmjs.org/@msgpack/msgpack/-/msgpack-1.12.2.tgz",
      "integrity": "sha512-Vwhc3ObxmDZmA5hY8mfsau2rJ4vGPvzbj20QSZ2/E1GDPF61QVyjLfNHak9xmel6pW4heRt3v1fHa6np9Ehfeg=="
    },
    "@tensorflow/tfjs": {
      "version": "3.19.0",
      "resolved": "https://registry.npmjs.org/@tensorflow/tfjs/-/tfjs-3.19.0.tgz",
      "integrity": "sha512-fZF3HOON8jgKhFk06WIScIXf7j/gkl6cLbU1brFWutBhHlPSzxSWvdJR/TivCK7p+yMBunoyK50TjiwOrcoclA==",
      "requires": {
        "@tensorflow/tfjs-backend-cpu": "3.19.0",
        "@tensorflow/tfjs-backend-webgl": "3.19.0",
        "@tensorflow/tfjs-converter": "3.19.0",
        "@tensorflow/tfjs-core": "3.19.0",
        "@tensorflow/tfjs-data": "3.19.0",
        "@tensorflow/tfjs-layers": "3.19.0",
        "argparse": "^1.0.10",
        "chalk": "^4.1.0",
        "core-js": "3",
        "regenerator-runtime": "^0.13.5",
        "yargs": "^16.0.3"
      }
    },
    "@tensorflow/tfjs-backend-cpu": {
      "version": "3.19.0",
      "resolved": "https://registry.npmjs.org/@tensorflow/tfjs-backend-cpu/-/tfjs-backend-cpu-3.19.0.tgz",
      "integrity": "sha512-02f+WkiL9gc9G7P8PwfsvuXREcAUdM/3uAL6fTle3xKEj7KOxX+E/mc3jxPY5UzjAsgHVBZrPJ2xi6AG16WPkQ==",
      "requires": {
        "@types/seedrandom": "^2.4.28",
        "seedrandom": "^3.0.5"
      }
    },
    "@tensorflow/tfjs-backend-webgl": {
      "version": "3.19.0",
      "resolved": "https://registry.npmjs.org/@tensorflow/tfjs-backend-webgl/-/tfjs-backend-webgl-3.19.0.tgz",
      "integrity": "sha512-2HTkAE21t3WQTt8P6iK80ni03AzC8UNZmbIB7/pBDYBbhDwZwe/C5fXrJWnP9m6u4hvCdMAJ3o+OP3NeaEL1pw==",
      "requires": {
        "@tensorflow/tfjs-backend-cpu": "3.19.0",
        "@types/offscreencanvas": "~2019.3.0",
        "@types/seedrandom": "^2.4.28",
        "@types/webgl-ext": "0.0.30",
        "@types/webgl2": "0.0.6",
        "seedrandom": "^3.0.5"
      }
    },
    "@tensorflow/tfjs-converter": {
      "version": "3.19.0",
      "resolved": "https://registry.npmjs.org/@tensorflow/tfjs-converter/-/tfjs-converter-3.19.0.tgz",
      "integrity": "sha512-B69HQq9/orsM8pGJPjNp1cV+hIcc90mxcRIsQSYGovTUNEcftmz2Sh+mqXDWysKUk0gRfx5CX6eJk6NaE55Xow=="
    },
    "@tensorflow/tfjs-core": {
      "version": "3.19.0",
      "resolved": "https://registry.npmjs.org/@tensorflow/tfjs-core/-/tfjs-core-3.19.0.tgz",
      "integrity": "sha512-znJ+TOJ3NdNL5yjw8M7dn2jO96sokiH1wfFuD7gglCkbZ4SXlFpFj2xelNdRHHmeYanMhJzqeyOW9whUnNcBqw==",
      "requires": {
        "@types/long": "^4.0.1",
        "@types/offscreencanvas": "~2019.3.0",
        "@types/seedrandom": "^2.4.28",
        "@types/webgl-ext": "0.0.30",
        "@webgpu/types": "0.1.16",
        "long": "4.0.0",
        "node-fetch": "~2.6.1",
        "seedrandom": "^3.0.5"
      }
    },
    "@tensorflow/tfjs-data": {
      "version": "3.19.0",
      "resolved": "https://registry.npmjs.org/@tensorflow/tfjs-data/-/tfjs-data-3.19.0.tgz",
      "integrity": "sha512-rkZv+YZowZwnm4RaedkV44WDrjokRHld9Py/0Fb7IvMyUh37lY0WsAsV94kJ+QuLc6iVNcDLaV29K+dUz57bRA==",
      "requires": {
        "@types/node-fetch": "^2.1.2",
        "node-fetch": "~2.6.1",
        "string_decoder": "^1.3.0"
      }
    },
    "@tensorflow/tfjs-layers": {
      "version": "3.19.0",
      "resolved": "https://registry.npmjs.org/@tensorflow/tfjs-layers/-/tfjs-layers-3.19.0.tgz",
      "integrity": "sha512-+sVWjWWyTuT3sImrtNLtMv8/4FS30GAYpTgyJKhCQ3+GSvHUXulxJfncD0QqOg9fTbhtuF1TRAkzDU8v64791g=="
    },
    "@types/long": {
      "version": "4.0.2",
      "resolved": "https://registry.npmjs.org/@types/long/-/long-4.0.2.tgz",
      "integrity": "sha512-MqTGEo5bj5t157U6fA/BiDynNkn0YknVdh48CMPkTSpFTVmvao5UQmm7uEF6xBEo7qIMAlY/JSleYaE6VOdpaA=="
    },
    "@types/node": {
      "version": "18.6.1",
      "resolved": "https://registry.npmjs.org/@types/node/-/node-18.6.1.tgz",
      "integrity": "sha512-z+2vB6yDt1fNwKOeGbckpmirO+VBDuQqecXkgeIqDlaOtmKn6hPR/viQ8cxCfqLU4fTlvM3+YjM367TukWdxpg=="
    },
    "@types/node-fetch": {
      "version": "2.6.2",
      "resolved": "https://registry.npmjs.org/@types/node-fetch/-/node-fetch-2.6.2.tgz",
      "integrity": "sha512-DHqhlq5jeESLy19TYhLakJ07kNumXWjcDdxXsLUMJZ6ue8VZJj4kLPQVE/2mdHh3xZziNF1xppu5lwmS53HR+A==",
      "requires": {
        "@types/node": "*",
        "form-data": "^3.0.0"
      }
    },
    "@types/offscreencanvas": {
      "version": "2019.3.0",
      "resolved": "https://registry.npmjs.org/@types/offscreencanvas/-/offscreencanvas-2019.3.0.tgz",
      "integrity": "sha512-esIJx9bQg+QYF0ra8GnvfianIY8qWB0GBx54PK5Eps6m+xTj86KLavHv6qDhzKcu5UUOgNfJ2pWaIIV7TRUd9Q=="
    },
    "@types/seedrandom": {
      "version": "2.4.30",
      "resolved": "https://registry.npmjs.org/@types/seedrandom/-/seedrandom-2.4.30.tgz",
      "integrity": "sha512-AnxLHewubLVzoF/A4qdxBGHCKifw8cY32iro3DQX9TPcetE95zBeVt3jnsvtvAUf1vwzMfwzp4t/L2yqPlnjkQ=="
    },
    "@types/webgl-ext": {
      "version": "0.0.30",
      "resolved": "https://registry.npmjs.org/@types/webgl-ext/-/webgl-ext-0.0.30.tgz",
      "integrity": "sha512-LKVgNmBxN0BbljJrVUwkxwRYqzsAEPcZOe6S2T6ZaBDIrFp0qu4FNlpc5sM1tGbXUYFgdVQIoeLk1Y1UoblyEg=="
    },
    "@types/webgl2": {
      "version": "0.0.6",
      "resolved": "https://registry.npmjs.org/@types/webgl2/-/webgl2-0.0.6.tgz",
      "integrity": "sha512-50GQhDVTq/herLMiqSQkdtRu+d5q/cWHn4VvKJtrj4DJAjo1MNkWYa2MA41BaBO1q1HgsUjuQvEOk0QHvlnAaQ=="
    },
    "@webgpu/types": {
      "version": "0.1.16",
      "resolved": "https://registry.npmjs.org/@webgpu/types/-/types-0.1.16.tgz",
      "integrity": "sha512-9E61voMP4+Rze02jlTXud++Htpjyyk8vw5Hyw9FGRrmhHQg2GqbuOfwf5Klrb8vTxc2XWI3EfO7RUHMpxTj26A=="
    },
    "ansi-regex": {
      "version": "5.0.1",
      "resolved": "https://registry.npmjs.org/ansi-regex/-/ansi-regex-5.0.1.tgz",
      "integrity": "sha512-quJQXlTSUGL2LH9SUXo8VwsY4soanhgo6LNSm84E1LBcE8s3O0wpdiRzyR9z/ZZJMlMWv37qOOb9pdJlMUEKFQ=="
    },
    "ansi-styles": {
      "version": "4.3.0",
      "resolved": "https://registry.npmjs.org/ansi-styles/-/ansi-styles-4.3.0.tgz",
      "integrity": "sha512-zbB9rCJAT1rbjiVDb2hqKFHNYLxgtk8NURxZ3IZwD3F6NtxbXZQCnnSi1Lkx+IDohdPlFp222wVALIheZJQSEg==",
      "requires": {
        "color-convert": "^2.0.1"
      }
    },
    "argparse": {
      "version": "1.0.10",
      "resolved": "https://registry.npmjs.org/argparse/-/argparse-1.0.10.tgz",
      "integrity": "sha512-o5Roy6tNG4SL/FOkCAN6RzjiakZS25RLYFrcMttJqbdd8BWrnA+fGz57iN5Pb06pvBGvl5gQ0B48dJlslXvoTg==",
      "requires": {
        "sprintf-js": "~1.0.2"
      }
    },
    "asynckit": {
      "version": "0.4.0",
      "resolved": "https://registry.npmjs.org/asynckit/-/asynckit-0.4.0.tgz",
      "integrity": "sha512-Oei9OH4tRh0YqU3GxhX79dM/mwVgvbZJaSNaRk+bshkj0S5cfHcgYakreBjrHwatXKbz+IoIdYLxrKim2MjW0Q=="
    },
    "chalk": {
      "version": "4.1.2",
      "resolved": "https://registry.npmjs.org/chalk/-/chalk-4.1.2.tgz",
      "integrity": "sha512-oKnbhFyRIXpUuez8iBMmyEa4nbj4IOQyuhc/wy9kY7/WVPcwIO9VA668Pu8RkO7+0G76SLROeyw9CpQ061i4mA==",
      "requires": {
        "ansi-styles": "^4.1.0",
        "supports-color": "^7.1.0"
      }
    },
    "cliui": {
      "version": "7.0.4",
      "resolved": "https://registry.npmjs.org/cliui/-/cliui-7.0.4.tgz",
      "integrity": "sha512-OcRE68cOsVMXp1Yvonl/fzkQOyjLSu/8bhPDfQt0e0/Eb283TKP20Fs2MqoPsr9SwA595rRCA+QMzYc9nBP+JQ==",
      "requires": {
        "string-width": "^4.2.0",
        "strip-ansi": "^6.0.0",
        "wrap-ansi": "^7.0.0"
      }
    },
    "color-convert": {
      "version": "2.0.1",
      "resolved": "https://registry.npmjs.org/color-convert/-/color-convert-2.0.1.tgz",
      "integrity": "sha512-RRECPsj7iu/xb5oKYcsFHSppFNnsj/52OVTRKb4zP5onXwVF3zVmmToNcOfGC+CRDpfK/U584fMg38ZHCaElKQ==",
      "requires": {
        "color-name": "~1.1.4"
      }
    },
    "color-name": {
      "version": "1.1.4",
      "resolved": "https://registry.npmjs.org/color-name/-/color-name-1.1.4.tgz",
      "integrity": "sha512-dOy+3AuW3a2wNbZHIuMZpTcgjGuLU/uBL/ubcZF9OXbDo8ff4O8yVp5Bf0efS8uEoYo5q4Fx7dY9OgQGXgAsQA=="
    },
    "combined-stream": {
      "version": "1.0.8",
      "resolved": "https://registry.npmjs.org/combined-stream/-/combined-stream-1.0.8.tgz",
      "integrity": "sha512-FQN4MRfuJeHf7cBbBMJFXhKSDq+2kAArBlmRBvcvFE5BB1HZKXtSFASDhdlz9zOYwxh8lDdnvmMOe/+5cdoEdg==",
      "requires": {
        "delayed-stream": "~1.0.0"
      }
    },
    "core-js": {
      "version": "3.24.0",
      "resolved": "https://registry.npmjs.org/core-js/-/core-js-3.24.0.tgz",
      "integrity": "sha512-IeOyT8A6iK37Ep4kZDD423mpi6JfPRoPUdQwEWYiGolvn4o6j2diaRzNfDfpTdu3a5qMbrGUzKUpYpRY8jXCkQ=="
    },
    "delayed-stream": {
      "version": "1.0.0",
      "resolved": "https://registry.npmjs.org/delayed-stream/-/delayed-stream-1.0.0.tgz",
      "integrity": "sha512-ZySD7Nf91aLB0RxL4KGrKHBXl7Eds1DAmEdcoVawXnLD7SDhpNgtuII2aAkg7a7QS41jxPSZ17p4VdGnMHk3MQ=="
    },
    "emoji-regex": {
      "version": "8.0.0",
      "resolved": "https://registry.npmjs.org/emoji-regex/-/emoji-regex-8.0.0.tgz",
      "integrity": "sha512-MSjYzcWNOA0ewAHpz0MxpYFvwg6yjy1NG3xteoqz644VCo/RPgnr1/GGt+ic3iJTzQ8Eu3TdM14SawnVUmGE6A=="
    },
    "esbuild": {
      "version": "0.14.50",
      "resolved": "https://registry.npmjs.org/esbuild/-/esbuild-0.14.50.tgz",
      "integrity": "sha512-SbC3k35Ih2IC6trhbMYW7hYeGdjPKf9atTKwBUHqMCYFZZ9z8zhuvfnZihsnJypl74FjiAKjBRqFkBkAd0rS/w==",
      "dev": true,
      "requires": {
        "esbuild-android-64": "0.14.50",
        "esbuild-android-arm64": "0.14.50",
        "esbuild-darwin-64": "0.14.50",
        "esbuild-darwin-arm64": "0.14.50",
        "esbuild-freebsd-64": "0.14.50",
        "esbuild-freebsd-arm64": "0.14.50",
        "esbuild-linux-32": "0.14.50",
        "esbuild-linux-64": "0.14.50",
        "esbuild-linux-arm": "0.14.50",
        "esbuild-linux-arm64": "0.14.50",
        "esbuild-linux-mips64le": "0.14.50",
        "esbuild-linux-ppc64le": "0.14.50",
        "esbuild-linux-riscv64": "0.14.50",
        "esbuild-linux-s390x": "0.14.50",
        "esbuild-netbsd-64": "0.14.50",
        "esbuild-openbsd-64": "0.14.50",
        "esbuild-sunos-64": "0.14.50",
        "esbuild-windows-32": "0.14.50",
        "esbuild-windows-64": "0.14.50",
        "esbuild-windows-arm64": "0.14.50"
      }
    },
    "esbuild-android-64": {
      "version": "0.14.50",
      "resolved": "https://registry.npmjs.org/esbuild-android-64/-/esbuild-android-64-0.14.50.tgz",
      "integrity": "sha512-H7iUEm7gUJHzidsBlFPGF6FTExazcgXL/46xxLo6i6bMtPim6ZmXyTccS8yOMpy6HAC6dPZ/JCQqrkkin69n6Q==",
      "dev": true,
      "optional": true
    },
    "esbuild-android-arm64": {
      "version": "0.14.50",
      "resolved": "https://registry.npmjs.org/esbuild-android-arm64/-/esbuild-android-arm64-0.14.50.tgz",
      "integrity": "sha512-NFaoqEwa+OYfoYVpQWDMdKII7wZZkAjtJFo1WdnBeCYlYikvUhTnf2aPwPu5qEAw/ie1NYK0yn3cafwP+kP+OQ==",
      "dev": true,
      "optional": true
    },
    "esbuild-darwin-64": {
      "version": "0.14.50",
      "resolved": "https://registry.npmjs.org/esbuild-darwin-64/-/esbuild-darwin-64-0.14.50.tgz",
      "integrity": "sha512-gDQsCvGnZiJv9cfdO48QqxkRV8oKAXgR2CGp7TdIpccwFdJMHf8hyIJhMW/05b/HJjET/26Us27Jx91BFfEVSA==",
      "dev": true,
      "optional": true
    },
    "esbuild-darwin-arm64": {
      "version": "0.14.50",
      "resolved": "https://registry.npmjs.org/esbuild-darwin-arm64/-/esbuild-darwin-arm64-0.14.50.tgz",
      "integrity": "sha512-36nNs5OjKIb/Q50Sgp8+rYW/PqirRiFN0NFc9hEvgPzNJxeJedktXwzfJSln4EcRFRh5Vz4IlqFRScp+aiBBzA==",
      "dev": true,
      "optional": true
    },
    "esbuild-freebsd-64": {
      "version": "0.14.50",
      "resolved": "https://registry.npmjs.org/esbuild-freebsd-64/-/esbuild-freebsd-64-0.14.50.tgz",
      "integrity": "sha512-/1pHHCUem8e/R86/uR+4v5diI2CtBdiWKiqGuPa9b/0x3Nwdh5AOH7lj+8823C6uX1e0ufwkSLkS+aFZiBCWxA==",
      "dev": true,
      "optional": true
    },
    "esbuild-freebsd-arm64": {
      "version": "0.14.50",
      "resolved": "https://registry.npmjs.org/esbuild-freebsd-arm64/-/esbuild-freebsd-arm64-0.14.50.tgz",
      "integrity": "sha512-iKwUVMQztnPZe5pUYHdMkRc9aSpvoV1mkuHlCoPtxZA3V+Kg/ptpzkcSY+fKd0kuom+l6Rc93k0UPVkP7xoqrw==",
      "dev": true,
      "optional": true
    },
    "esbuild-linux-32": {
      "version": "0.14.50",
      "resolved": "https://registry.npmjs.org/esbuild-linux-32/-/esbuild-linux-32-0.14.50.tgz",
      "integrity": "sha512-sWUwvf3uz7dFOpLzYuih+WQ7dRycrBWHCdoXJ4I4XdMxEHCECd8b7a9N9u7FzT6XR2gHPk9EzvchQUtiEMRwqw==",
      "dev": true,
      "optional": true
    },
    "esbuild-linux-64": {
      "version": "0.14.50",
      "resolved": "https://registry.npmjs.org/esbuild-linux-64/-/esbuild-linux-64-0.14.50.tgz",
      "integrity": "sha512-u0PQxPhaeI629t4Y3EEcQ0wmWG+tC/LpP2K7yDFvwuPq0jSQ8SIN+ARNYfRjGW15O2we3XJvklbGV0wRuUCPig==",
      "dev": true,
      "optional": true
    },
    "esbuild-linux-arm": {
      "version": "0.14.50",
      "resolved": "https://registry.npmjs.org/esbuild-linux-arm/-/esbuild-linux-arm-0.14.50.tgz",
      "integrity": "sha512-VALZq13bhmFJYFE/mLEb+9A0w5vo8z+YDVOWeaf9vOTrSC31RohRIwtxXBnVJ7YKLYfEMzcgFYf+OFln3Y0cWg==",
      "dev": true,
      "optional": true
    },
    "esbuild-linux-arm64": {
      "version": "0.14.50",
      "resolved": "https://registry.npmjs.org/esbuild-linux-arm64/-/esbuild-linux-arm64-0.14.50.tgz",
      "integrity": "sha512-ZyfoNgsTftD7Rp5S7La5auomKdNeB3Ck+kSKXC4pp96VnHyYGjHHXWIlcbH8i+efRn9brszo1/Thl1qn8RqmhQ==",
      "dev": true,
      "optional": true
    },
    "esbuild-linux-mips64le": {
      "version": "0.14.50",
      "resolved": "https://registry.npmjs.org/esbuild-linux-mips64le/-/esbuild-linux-mips64le-0.14.50.tgz",
      "integrity": "sha512-ygo31Vxn/WrmjKCHkBoutOlFG5yM9J2UhzHb0oWD9O61dGg+Hzjz9hjf5cmM7FBhAzdpOdEWHIrVOg2YAi6rTw==",
      "dev": true,
      "optional": true
    },
    "esbuild-linux-ppc64le": {
      "version": "0.14.50",
      "resolved": "https://registry.npmjs.org/esbuild-linux-ppc64le/-/esbuild-linux-ppc64le-0.14.50.tgz",
      "integrity": "sha512-xWCKU5UaiTUT6Wz/O7GKP9KWdfbsb7vhfgQzRfX4ahh5NZV4ozZ4+SdzYG8WxetsLy84UzLX3Pi++xpVn1OkFQ==",
      "dev": true,
      "optional": true
    },
    "esbuild-linux-riscv64": {
      "version": "0.14.50",
      "resolved": "https://registry.npmjs.org/esbuild-linux-riscv64/-/esbuild-linux-riscv64-0.14.50.tgz",
      "integrity": "sha512-0+dsneSEihZTopoO9B6Z6K4j3uI7EdxBP7YSF5rTwUgCID+wHD3vM1gGT0m+pjCW+NOacU9kH/WE9N686FHAJg==",
      "dev": true,
      "optional": true
    },
    "esbuild-linux-s390x": {
      "version": "0.14.50",
      "resolved": "https://registry.npmjs.org/esbuild-linux-s390x/-/esbuild-linux-s390x-0.14.50.tgz",
      "integrity": "sha512-tVjqcu8o0P9H4StwbIhL1sQYm5mWATlodKB6dpEZFkcyTI8kfIGWiWcrGmkNGH2i1kBUOsdlBafPxR3nzp3TDA==",
      "dev": true,
      "optional": true
    },
    "esbuild-netbsd-64": {
      "version": "0.14.50",
      "resolved": "https://registry.npmjs.org/esbuild-netbsd-64/-/esbuild-netbsd-64-0.14.50.tgz",
      "integrity": "sha512-0R/glfqAQ2q6MHDf7YJw/TulibugjizBxyPvZIcorH0Mb7vSimdHy0XF5uCba5CKt+r4wjax1mvO9lZ4jiAhEg==",
      "dev": true,
      "optional": true
    },
    "esbuild-openbsd-64": {
      "version": "0.14.50",
      "resolved": "https://registry.npmjs.org/esbuild-openbsd-64/-/esbuild-openbsd-64-0.14.50.tgz",
      "integrity": "sha512-7PAtmrR5mDOFubXIkuxYQ4bdNS6XCK8AIIHUiZxq1kL8cFIH5731jPcXQ4JNy/wbj1C9sZ8rzD8BIM80Tqk29w==",
      "dev": true,
      "optional": true
    },
    "esbuild-sunos-64": {
      "version": "0.14.50",
      "resolved": "https://registry.npmjs.org/esbuild-sunos-64/-/esbuild-sunos-64-0.14.50.tgz",
      "integrity": "sha512-gBxNY/wyptvD7PkHIYcq7se6SQEXcSC8Y7mE0FJB+CGgssEWf6vBPfTTZ2b6BWKnmaP6P6qb7s/KRIV5T2PxsQ==",
      "dev": true,
      "optional": true
    },
    "esbuild-windows-32": {
      "version": "0.14.50",
      "resolved": "https://registry.npmjs.org/esbuild-windows-32/-/esbuild-windows-32-0.14.50.tgz",
      "integrity": "sha512-MOOe6J9cqe/iW1qbIVYSAqzJFh0p2LBLhVUIWdMVnNUNjvg2/4QNX4oT4IzgDeldU+Bym9/Tn6+DxvUHJXL5Zw==",
      "dev": true,
      "optional": true
    },
    "esbuild-windows-64": {
      "version": "0.14.50",
      "resolved": "https://registry.npmjs.org/esbuild-windows-64/-/esbuild-windows-64-0.14.50.tgz",
      "integrity": "sha512-r/qE5Ex3w1jjGv/JlpPoWB365ldkppUlnizhMxJgojp907ZF1PgLTuW207kgzZcSCXyquL9qJkMsY+MRtaZ5yQ==",
      "dev": true,
      "optional": true
    },
    "esbuild-windows-arm64": {
      "version": "0.14.50",
      "resolved": "https://registry.npmjs.org/esbuild-windows-arm64/-/esbuild-windows-arm64-0.14.50.tgz",
      "integrity": "sha512-EMS4lQnsIe12ZyAinOINx7eq2mjpDdhGZZWDwPZE/yUTN9cnc2Ze/xUTYIAyaJqrqQda3LnDpADKpvLvol6ENQ==",
      "dev": true,
      "optional": true
    },
    "escalade": {
      "version": "3.1.1",
      "resolved": "https://registry.npmjs.org/escalade/-/escalade-3.1.1.tgz",
      "integrity": "sha512-k0er2gUkLf8O0zKJiAhmkTnJlTvINGv7ygDNPbeIsX/TJjGJZHuh9B2UxbsaEkmlEo9MfhrSzmhIlhRlI2GXnw=="
    },
    "form-data": {
      "version": "3.0.1",
      "resolved": "https://registry.npmjs.org/form-data/-/form-data-3.0.1.tgz",
      "integrity": "sha512-RHkBKtLWUVwd7SqRIvCZMEvAMoGUp0XU+seQiZejj0COz3RI3hWP4sCv3gZWWLjJTd7rGwcsF5eKZGii0r/hbg==",
      "requires": {
        "asynckit": "^0.4.0",
        "combined-stream": "^1.0.8",
        "mime-types": "^2.1.12"
      }
    },
    "fsevents": {
      "version": "2.3.2",
      "resolved": "https://registry.npmjs.org/fsevents/-/fsevents-2.3.2.tgz",
      "integrity": "sha512-xiqMQR4xAeHTuB9uWm+fFRcIOgKBMiOBP+eXiyT7jsgVCq1bkVygt00oASowB7EdtpOHaaPgKt812P9ab+DDKA==",
      "dev": true,
      "optional": true
    },
    "function-bind": {
      "version": "1.1.1",
      "resolved": "https://registry.npmjs.org/function-bind/-/function-bind-1.1.1.tgz",
      "integrity": "sha512-yIovAzMX49sF8Yl58fSCWJ5svSLuaibPxXQJFLmBObTuCr0Mf1KiPopGM9NiFjiYBCbfaa2Fh6breQ6ANVTI0A==",
      "dev": true
    },
    "get-caller-file": {
      "version": "2.0.5",
      "resolved": "https://registry.npmjs.org/get-caller-file/-/get-caller-file-2.0.5.tgz",
      "integrity": "sha512-DyFP3BM/3YHTQOCUL/w0OZHR0lpKeGrxotcHWcqNEdnltqFwXVfhEBQ94eIo34AfQpo0rGki4cyIiftY06h2Fg=="
    },
    "has": {
      "version": "1.0.3",
      "resolved": "https://registry.npmjs.org/has/-/has-1.0.3.tgz",
      "integrity": "sha512-f2dvO0VU6Oej7RkWJGrehjbzMAjFp5/VKPp5tTpWIV4JHHZK1/BxbFRtf/siA2SWTe09caDmVtYYzWEIbBS4zw==",
      "dev": true,
      "requires": {
        "function-bind": "^1.1.1"
      }
    },
    "has-flag": {
      "version": "4.0.0",
      "resolved": "https://registry.npmjs.org/has-flag/-/has-flag-4.0.0.tgz",
      "integrity": "sha512-EykJT/Q1KjTWctppgIAgfSO0tKVuZUjhgMr17kqTumMl6Afv3EISleU7qZUzoXDFTAHTDC4NOoG/ZxU3EvlMPQ=="
    },
    "is-any-array": {
      "version": "2.0.0",
      "resolved": "https://registry.npmjs.org/is-any-array/-/is-any-array-2.0.0.tgz",
      "integrity": "sha512-WdPV58rT3aOWXvvyuBydnCq4S2BM1Yz8shKxlEpk/6x+GX202XRvXOycEFtNgnHVLoc46hpexPFx8Pz1/sMS0w=="
    },
    "is-core-module": {
      "version": "2.9.0",
      "resolved": "https://registry.npmjs.org/is-core-module/-/is-core-module-2.9.0.tgz",
      "integrity": "sha512-+5FPy5PnwmO3lvfMb0AsoPaBG+5KHUI0wYFXOtYPnVVVspTFUuMZNfNaNVRt3FZadstu2c8x23vykRW/NBoU6A==",
      "dev": true,
      "requires": {
        "has": "^1.0.3"
      }
    },
    "is-fullwidth-code-point": {
      "version": "3.0.0",
      "resolved": "https://registry.npmjs.org/is-fullwidth-code-point/-/is-fullwidth-code-point-3.0.0.tgz",
      "integrity": "sha512-zymm5+u+sCsSWyD9qNaejV3DFvhCKclKdizYaJUuHA83RLjb7nSuGnddCHGv0hk+KY7BMAlsWeK4Ueg6EV6XQg=="
    },
    "long": {
      "version": "4.0.0",
      "resolved": "https://registry.npmjs.org/long/-/long-4.0.0.tgz",
      "integrity": "sha512-XsP+KhQif4bjX1kbuSiySJFNAehNxgLb6hPRGJ9QsUr8ajHkuXGdrHmFUTUUXhDwVX2R5bY4JNZEwbUiMhV+MA=="
    },
    "mime-db": {
      "version": "1.52.0",
      "resolved": "https://registry.npmjs.org/mime-db/-/mime-db-1.52.0.tgz",
      "integrity": "sha512-sPU4uV7dYlvtWJxwwxHD0PuihVNiE7TyAbQ5SWxDCB9mUYvOgroQOwYQQOKPJ8CIbE+1ETVlOoK1UC2nU3gYvg=="
    },
    "mime-types": {
      "version": "2.1.35",
      "resolved": "https://registry.npmjs.org/mime-types/-/mime-types-2.1.35.tgz",
      "integrity": "sha512-ZDY+bPm5zTTF+YpCrAU9nK0UgICYPT0QtT1NZWFv4s++TNkcgVaT0g6+4R2uI4MjQjzysHB1zxuWL50hzaeXiw==",
      "requires": {
        "mime-db": "1.52.0"
      }
    },
    "mind-ar": {
      "version": "1.1.4",
      "resolved": "https://registry.npmjs.org/mind-ar/-/mind-ar-1.1.4.tgz",
      "integrity": "sha512-s2ANfIW3q7QDesgUX5h329fiBx5JOBBuE+VAC3bHo03afnN8W16d0fqD1YbEZtwgMBb02MRmAf3cbk/HzuitIQ==",
      "requires": {
        "@mediapipe/face_mesh": "^0.4.1633559619",
        "@msgpack/msgpack": "^1.12.2",
        "@tensorflow/tfjs": "^3.13.0",
        "ml-matrix": "^6.6.0",
        "svd-js": "^1.1.1",
        "three": "^0.136.0",
        "tinyqueue": "^2.0.3"
      },
      "dependencies": {
        "three": {
          "version": "0.136.0",
          "resolved": "https://registry.npmjs.org/three/-/three-0.136.0.tgz",
          "integrity": "sha512-+fEMX7nYLz2ZesVP/dyifli5Jf8gR3XPAnFJveQ80aMhibFduzrADnjMbARXh8+W9qLK7rshJCjAIL/6cDxC+A=="
        }
      }
    },
    "ml-array-max": {
      "version": "1.2.4",
      "resolved": "https://registry.npmjs.org/ml-array-max/-/ml-array-max-1.2.4.tgz",
      "integrity": "sha512-BlEeg80jI0tW6WaPyGxf5Sa4sqvcyY6lbSn5Vcv44lp1I2GR6AWojfUvLnGTNsIXrZ8uqWmo8VcG1WpkI2ONMQ==",
      "requires": {
        "is-any-array": "^2.0.0"
      }
    },
    "ml-array-min": {
      "version": "1.2.3",
      "resolved": "https://registry.npmjs.org/ml-array-min/-/ml-array-min-1.2.3.tgz",
      "integrity": "sha512-VcZ5f3VZ1iihtrGvgfh/q0XlMobG6GQ8FsNyQXD3T+IlstDv85g8kfV0xUG1QPRO/t21aukaJowDzMTc7j5V6Q==",
      "requires": {
        "is-any-array": "^2.0.0"
      }
    },
    "ml-array-rescale": {
      "version": "1.3.7",
      "resolved": "https://registry.npmjs.org/ml-array-rescale/-/ml-array-rescale-1.3.7.tgz",
      "integrity": "sha512-48NGChTouvEo9KBctDfHC3udWnQKNKEWN0ziELvY3KG25GR5cA8K8wNVzracsqSW1QEkAXjTNx+ycgAv06/1mQ==",
      "requires": {
        "is-any-array": "^2.0.0",
        "ml-array-max": "^1.2.4",
        "ml-array-min": "^1.2.3"
      }
    },
    "ml-matrix": {
      "version": "6.10.2",
      "resolved": "https://registry.npmjs.org/ml-matrix/-/ml-matrix-6.10.2.tgz",
      "integrity": "sha512-+yxwzMazC76DAsgEvDrdCfRMH7+lO7UdnuWllavnPeWkPD2oIBA6rLzvst7BFYUxzgRz/h6V6lLzYIYtTvINbw==",
      "requires": {
        "is-any-array": "^2.0.0",
        "ml-array-rescale": "^1.3.7"
      }
    },
    "nanoid": {
      "version": "3.3.4",
      "resolved": "https://registry.npmjs.org/nanoid/-/nanoid-3.3.4.tgz",
      "integrity": "sha512-MqBkQh/OHTS2egovRtLk45wEyNXwF+cokD+1YPf9u5VfJiRdAiRwB2froX5Co9Rh20xs4siNPm8naNotSD6RBw==",
      "dev": true
    },
    "node-fetch": {
      "version": "2.6.7",
      "resolved": "https://registry.npmjs.org/node-fetch/-/node-fetch-2.6.7.tgz",
      "integrity": "sha512-ZjMPFEfVx5j+y2yF35Kzx5sF7kDzxuDj6ziH4FFbOp87zKDZNx8yExJIb05OGF4Nlt9IHFIMBkRl41VdvcNdbQ==",
      "requires": {
        "whatwg-url": "^5.0.0"
      }
    },
    "path-parse": {
      "version": "1.0.7",
      "resolved": "https://registry.npmjs.org/path-parse/-/path-parse-1.0.7.tgz",
      "integrity": "sha512-LDJzPVEEEPR+y48z93A0Ed0yXb8pAByGWo/k5YYdYgpY2/2EsOsksJrq7lOHxryrVOn1ejG6oAp8ahvOIQD8sw==",
      "dev": true
    },
    "picocolors": {
      "version": "1.0.0",
      "resolved": "https://registry.npmjs.org/picocolors/-/picocolors-1.0.0.tgz",
      "integrity": "sha512-1fygroTLlHu66zi26VoTDv8yRgm0Fccecssto+MhsZ0D/DGW2sm8E8AjW7NU5VVTRt5GxbeZ5qBuJr+HyLYkjQ==",
      "dev": true
    },
    "postcss": {
      "version": "8.4.14",
      "resolved": "https://registry.npmjs.org/postcss/-/postcss-8.4.14.tgz",
      "integrity": "sha512-E398TUmfAYFPBSdzgeieK2Y1+1cpdxJx8yXbK/m57nRhKSmk1GB2tO4lbLBtlkfPQTDKfe4Xqv1ASWPpayPEig==",
      "dev": true,
      "requires": {
        "nanoid": "^3.3.4",
        "picocolors": "^1.0.0",
        "source-map-js": "^1.0.2"
      }
    },
    "regenerator-runtime": {
      "version": "0.13.9",
      "resolved": "https://registry.npmjs.org/regenerator-runtime/-/regenerator-runtime-0.13.9.tgz",
      "integrity": "sha512-p3VT+cOEgxFsRRA9X4lkI1E+k2/CtnKtU4gcxyaCUreilL/vqI6CdZ3wxVUx3UOUg+gnUOQQcRI7BmSI656MYA=="
    },
    "require-directory": {
      "version": "2.1.1",
      "resolved": "https://registry.npmjs.org/require-directory/-/require-directory-2.1.1.tgz",
      "integrity": "sha512-fGxEI7+wsG9xrvdjsrlmL22OMTTiHRwAMroiEeMgq8gzoLC/PQr7RsRDSTLUg/bZAZtF+TVIkHc6/4RIKrui+Q=="
    },
    "resolve": {
      "version": "1.22.1",
      "resolved": "https://registry.npmjs.org/resolve/-/resolve-1.22.1.tgz",
      "integrity": "sha512-nBpuuYuY5jFsli/JIs1oldw6fOQCBioohqWZg/2hiaOybXOft4lonv85uDOKXdf8rhyK159cxU5cDcK/NKk8zw==",
      "dev": true,
      "requires": {
        "is-core-module": "^2.9.0",
        "path-parse": "^1.0.7",
        "supports-preserve-symlinks-flag": "^1.0.0"
      }
    },
    "rollup": {
      "version": "2.77.0",
      "resolved": "https://registry.npmjs.org/rollup/-/rollup-2.77.0.tgz",
      "integrity": "sha512-vL8xjY4yOQEw79DvyXLijhnhh+R/O9zpF/LEgkCebZFtb6ELeN9H3/2T0r8+mp+fFTBHZ5qGpOpW2ela2zRt3g==",
      "dev": true,
      "requires": {
        "fsevents": "~2.3.2"
      }
    },
    "safe-buffer": {
      "version": "5.2.1",
      "resolved": "https://registry.npmjs.org/safe-buffer/-/safe-buffer-5.2.1.tgz",
      "integrity": "sha512-rp3So07KcdmmKbGvgaNxQSJr7bGVSVk5S9Eq1F+ppbRo70+YeaDxkw5Dd8NPN+GD6bjnYm2VuPuCXmpuYvmCXQ=="
    },
    "seedrandom": {
      "version": "3.0.5",
      "resolved": "https://registry.npmjs.org/seedrandom/-/seedrandom-3.0.5.tgz",
      "integrity": "sha512-8OwmbklUNzwezjGInmZ+2clQmExQPvomqjL7LFqOYqtmuxRgQYqOD3mHaU+MvZn5FLUeVxVfQjwLZW/n/JFuqg=="
    },
    "source-map-js": {
      "version": "1.0.2",
      "resolved": "https://registry.npmjs.org/source-map-js/-/source-map-js-1.0.2.tgz",
      "integrity": "sha512-R0XvVJ9WusLiqTCEiGCmICCMplcCkIwwR11mOSD9CR5u+IXYdiseeEuXCVAjS54zqwkLcPNnmU4OeJ6tUrWhDw==",
      "dev": true
    },
    "sprintf-js": {
      "version": "1.0.3",
      "resolved": "https://registry.npmjs.org/sprintf-js/-/sprintf-js-1.0.3.tgz",
      "integrity": "sha512-D9cPgkvLlV3t3IzL0D0YLvGA9Ahk4PcvVwUbN0dSGr1aP0Nrt4AEnTUbuGvquEC0mA64Gqt1fzirlRs5ibXx8g=="
    },
    "string-width": {
      "version": "4.2.3",
      "resolved": "https://registry.npmjs.org/string-width/-/string-width-4.2.3.tgz",
      "integrity": "sha512-wKyQRQpjJ0sIp62ErSZdGsjMJWsap5oRNihHhu6G7JVO/9jIB6UyevL+tXuOqrng8j/cxKTWyWUwvSTriiZz/g==",
      "requires": {
        "emoji-regex": "^8.0.0",
        "is-fullwidth-code-point": "^3.0.0",
        "strip-ansi": "^6.0.1"
      }
    },
    "string_decoder": {
      "version": "1.3.0",
      "resolved": "https://registry.npmjs.org/string_decoder/-/string_decoder-1.3.0.tgz",
      "integrity": "sha512-hkRX8U1WjJFd8LsDJ2yQ/wWWxaopEsABU1XfkM8A+j0+85JAGppt16cr1Whg6KIbb4okU6Mql6BOj+uup/wKeA==",
      "requires": {
        "safe-buffer": "~5.2.0"
      }
    },
    "strip-ansi": {
      "version": "6.0.1",
      "resolved": "https://registry.npmjs.org/strip-ansi/-/strip-ansi-6.0.1.tgz",
      "integrity": "sha512-Y38VPSHcqkFrCpFnQ9vuSXmquuv5oXOKpGeT6aGrr3o3Gc9AlVa6JBfUSOCnbxGGZF+/0ooI7KrPuUSztUdU5A==",
      "requires": {
        "ansi-regex": "^5.0.1"
      }
    },
    "supports-color": {
      "version": "7.2.0",
      "resolved": "https://registry.npmjs.org/supports-color/-/supports-color-7.2.0.tgz",
      "integrity": "sha512-qpCAvRl9stuOHveKsn7HncJRvv501qIacKzQlO/+Lwxc9+0q2wLyv4Dfvt80/DPn2pqOBsJdDiogXGR9+OvwRw==",
      "requires": {
        "has-flag": "^4.0.0"
      }
    },
    "supports-preserve-symlinks-flag": {
      "version": "1.0.0",
      "resolved": "https://registry.npmjs.org/supports-preserve-symlinks-flag/-/supports-preserve-symlinks-flag-1.0.0.tgz",
      "integrity": "sha512-ot0WnXS9fgdkgIcePe6RHNk1WA8+muPa6cSjeR3V8K27q9BB1rTE3R1p7Hv0z1ZyAc8s6Vvv8DIyWf681MAt0w==",
      "dev": true
    },
    "svd-js": {
      "version": "1.1.1",
      "resolved": "https://registry.npmjs.org/svd-js/-/svd-js-1.1.1.tgz",
      "integrity": "sha512-3Mpd08lu7HPD/aDMnHvhLBKHLdoUv+w9411ZLGjZYIR51e05CFNAY+MYMXLs7leo6jljZ8PGkoCSI1I4lF1Z4Q=="
    },
    "three": {
      "version": "0.142.0",
      "resolved": "https://registry.npmjs.org/three/-/three-0.142.0.tgz",
      "integrity": "sha512-ESjPO+3geFr+ZUfVMpMnF/eVU2uJPOh0e2ZpMFqjNca1wApS9lJb7E4MjwGIczgt9iuKd8PEm6Pfgp2bJ92Xtg=="
    },
    "tinyqueue": {
      "version": "2.0.3",
      "resolved": "https://registry.npmjs.org/tinyqueue/-/tinyqueue-2.0.3.tgz",
      "integrity": "sha512-ppJZNDuKGgxzkHihX8v9v9G5f+18gzaTfrukGrq6ueg0lmH4nqVnA2IPG0AEH3jKEk2GRJCUhDoqpoiw3PHLBA=="
    },
    "tr46": {
      "version": "0.0.3",
      "resolved": "https://registry.npmjs.org/tr46/-/tr46-0.0.3.tgz",
      "integrity": "sha512-N3WMsuqV66lT30CrXNbEjx4GEwlow3v6rr4mCcv6prnfwhS01rkgyFdjPNBYd9br7LpXV1+Emh01fHnq2Gdgrw=="
    },
    "vite": {
      "version": "3.0.3",
      "resolved": "https://registry.npmjs.org/vite/-/vite-3.0.3.tgz",
      "integrity": "sha512-sDIpIcl3mv1NUaSzZwiXGEy1ZoWwwC2vkxUHY6yiDacR6zf//ZFuBJrozO62gedpE43pmxnLATNR5IYUdAEkMQ==",
      "dev": true,
      "requires": {
        "esbuild": "^0.14.47",
        "fsevents": "~2.3.2",
        "postcss": "^8.4.14",
        "resolve": "^1.22.1",
        "rollup": "^2.75.6"
      }
    },
    "webidl-conversions": {
      "version": "3.0.1",
      "resolved": "https://registry.npmjs.org/webidl-conversions/-/webidl-conversions-3.0.1.tgz",
      "integrity": "sha512-2JAn3z8AR6rjK8Sm8orRC0h/bcl/DqL7tRPdGZ4I1CjdF+EaMLmYxBHyXuKL849eucPFhvBoxMsflfOb8kxaeQ=="
    },
    "whatwg-url": {
      "version": "5.0.0",
      "resolved": "https://registry.npmjs.org/whatwg-url/-/whatwg-url-5.0.0.tgz",
      "integrity": "sha512-saE57nupxk6v3HY35+jzBwYa0rKSy0XR8JSxZPwgLr7ys0IBzhGviA1/TUGJLmSVqs8pb9AnvICXEuOHLprYTw==",
      "requires": {
        "tr46": "~0.0.3",
        "webidl-conversions": "^3.0.0"
      }
    },
    "wrap-ansi": {
      "version": "7.0.0",
      "resolved": "https://registry.npmjs.org/wrap-ansi/-/wrap-ansi-7.0.0.tgz",
      "integrity": "sha512-YVGIj2kamLSTxw6NsZjoBxfSwsn0ycdesmc4p+Q21c5zPuZ1pl+NfxVdxPtdHvmNVOQ6XSYG4AUtyt/Fi7D16Q==",
      "requires": {
        "ansi-styles": "^4.0.0",
        "string-width": "^4.1.0",
        "strip-ansi": "^6.0.0"
      }
    },
    "y18n": {
      "version": "5.0.8",
      "resolved": "https://registry.npmjs.org/y18n/-/y18n-5.0.8.tgz",
      "integrity": "sha512-0pfFzegeDWJHJIAmTLRP2DwHjdF5s7jo9tuztdQxAhINCdvS+3nGINqPd00AphqJR/0LhANUS6/+7SCb98YOfA=="
    },
    "yargs": {
      "version": "16.2.0",
      "resolved": "https://registry.npmjs.org/yargs/-/yargs-16.2.0.tgz",
      "integrity": "sha512-D1mvvtDG0L5ft/jGWkLpG1+m0eQxOfaBvTNELraWj22wSVUMWxZUvYgJYcKh6jGGIkJFhH4IZPQhR4TKpc8mBw==",
      "requires": {
        "cliui": "^7.0.2",
        "escalade": "^3.1.1",
        "get-caller-file": "^2.0.5",
        "require-directory": "^2.1.1",
        "string-width": "^4.2.0",
        "y18n": "^5.0.5",
        "yargs-parser": "^20.2.2"
      }
    },
    "yargs-parser": {
      "version": "20.2.9",
      "resolved": "https://registry.npmjs.org/yargs-parser/-/yargs-parser-20.2.9.tgz",
      "integrity": "sha512-y11nGElTIV+CT3Zv9t7VKl+Q3hTQoT9a1Qzezhhl6Rp21gJ/IVTW7Z3y9EWXhuUBC2Shnf+DX0antecpAwSP8w=="
    }
  }
}
